
Microsoft Visual Studio Solution File, Format Version 12.00
# Visual Studio 15
Project("{FAE04EC0-301F-11D3-BF4B-00C04F79EFBC}") = "NaughtyAttributes.Test", "NaughtyAttributes.Test.csproj", "{0D7DB092-6F37-C1B8-ED92-52235291529E}"
EndProject
Project("{FAE04EC0-301F-11D3-BF4B-00C04F79EFBC}") = "Assembly-CSharp", "Assembly-CSharp.csproj", "{1228427F-D919-C3F3-58A1-865E59564988}"
EndProject
Project("{FAE04EC0-301F-11D3-BF4B-00C04F79EFBC}") = "NaughtyAttributes.Core", "NaughtyAttributes.Core.csproj", "{9C582BCC-1EAF-53C8-705A-BE37F3B7C532}"
EndProject
Project("{FAE04EC0-301F-11D3-BF4B-00C04F79EFBC}") = "NaughtyAttributes.Editor", "NaughtyAttributes.Editor.csproj", "{9A0D83CC-A2AE-7A6C-082E-676C21EF9915}"
EndProject
Project("{FAE04EC0-301F-11D3-BF4B-00C04F79EFBC}") = "Assembly-CSharp-Editor", "Assembly-CSharp-Editor.csproj", "{CDDFF613-45AF-1217-AA8A-527429C0FED9}"
EndProject
Global
	GlobalSection(SolutionConfigurationPlatforms) = preSolution
		Debug|Any CPU = Debug|Any CPU
		Release|Any CPU = Release|Any CPU
	EndGlobalSection
	GlobalSection(ProjectConfigurationPlatforms) = postSolution
		{0D7DB092-6F37-C1B8-ED92-52235291529E}.Debug|Any CPU.ActiveCfg = Debug|Any CPU
		{0D7DB092-6F37-C1B8-ED92-52235291529E}.Debug|Any CPU.Build.0 = Debug|Any CPU
		{0D7DB092-6F37-C1B8-ED92-52235291529E}.Release|Any CPU.ActiveCfg = Release|Any CPU
		{0D7DB092-6F37-C1B8-ED92-52235291529E}.Release|Any CPU.Build.0 = Release|Any CPU
		{1228427F-D919-C3F3-58A1-865E59564988}.Debug|Any CPU.ActiveCfg = Debug|Any CPU
		{1228427F-D919-C3F3-58A1-865E59564988}.Debug|Any CPU.Build.0 = Debug|Any CPU
		{1228427F-D919-C3F3-58A1-865E59564988}.Release|Any CPU.ActiveCfg = Release|Any CPU
		{1228427F-D919-C3F3-58A1-865E59564988}.Release|Any CPU.Build.0 = Release|Any CPU
		{9C582BCC-1EAF-53C8-705A-BE37F3B7C532}.Debug|Any CPU.ActiveCfg = Debug|Any CPU
		{9C582BCC-1EAF-53C8-705A-BE37F3B7C532}.Debug|Any CPU.Build.0 = Debug|Any CPU
		{9C582BCC-1EAF-53C8-705A-BE37F3B7C532}.Release|Any CPU.ActiveCfg = Release|Any CPU
		{9C582BCC-1EAF-53C8-705A-BE37F3B7C532}.Release|Any CPU.Build.0 = Release|Any CPU
		{9A0D83CC-A2AE-7A6C-082E-676C21EF9915}.Debug|Any CPU.ActiveCfg = Debug|Any CPU
		{9A0D83CC-A2AE-7A6C-082E-676C21EF9915}.Debug|Any CPU.Build.0 = Debug|Any CPU
		{9A0D83CC-A2AE-7A6C-082E-676C21EF9915}.Release|Any CPU.ActiveCfg = Release|Any CPU
		{9A0D83CC-A2AE-7A6C-082E-676C21EF9915}.Release|Any CPU.Build.0 = Release|Any CPU
		{CDDFF613-45AF-1217-AA8A-527429C0FED9}.Debug|Any CPU.ActiveCfg = Debug|Any CPU
		{CDDFF613-45AF-1217-AA8A-527429C0FED9}.Debug|Any CPU.Build.0 = Debug|Any CPU
		{CDDFF613-45AF-1217-AA8A-527429C0FED9}.Release|Any CPU.ActiveCfg = Release|Any CPU
		{CDDFF613-45AF-1217-AA8A-527429C0FED9}.Release|Any CPU.Build.0 = Release|Any CPU
	EndGlobalSection
	GlobalSection(SolutionProperties) = preSolution
		HideSolutionNode = FALSE
	EndGlobalSection
EndGlobal
